lockfileVersion: '9.0'

settings:
  autoInstallPeers: true
  excludeLinksFromLockfile: false

importers:

  .:
    dependencies:
      say:
        specifier: ^0.16.0
        version: 0.16.0

packages:

  one-time@0.0.4:
    resolution: {integrity: sha512-qAMrwuk2xLEutlASoiPiAMW3EN3K96Ka/ilSXYr6qR1zSVXw2j7+yDSqGTC4T9apfLYxM3tLLjKvgPdAUK7kYQ==}

  say@0.16.0:
    resolution: {integrity: sha512-yEfncNu3I6lcZ6RIrXgE9DqbrEmvV5uQQ8ReM14u/DodlvJYpveqNphO55RLMSj77b06ZKNif/FLmhzQxcuUXg==}
    engines: {node: '>=6.9'}

snapshots:

  one-time@0.0.4: {}

  say@0.16.0:
    dependencies:
      one-time: 0.0.4
