lockfileVersion: '9.0'

settings:
  autoInstallPeers: true
  excludeLinksFromLockfile: false

importers:

  .:
    dependencies:
      say:
        specifier: ^0.11.0
        version: 0.11.0

packages:

  say@0.11.0:
    resolution: {integrity: sha512-Q1BwcJtiOLl6b0jvom6w/ULGsBxyeEw7TW26b61mxdqG4ApB7wPlMuJoMWQioh1den5QQSj0ixNo0xkEJqnkNw==}
    engines: {node: '>=0.10.0'}

snapshots:

  say@0.11.0: {}
